// !$*UTF8*$!
{
	archiveVersion = 1;
	classes = {
	};
	objectVersion = 56;
	objects = {

/* Begin PBXBuildFile section */
		FF2C6DA02AF80C4E00939447 /* ShakyApp.swift in Sources */ = {isa = PBXBuildFile; fileRef = FF2C6D9F2AF80C4E00939447 /* ShakyApp.swift */; };
		FF2C6DA22AF80C4E00939447 /* ContentView.swift in Sources */ = {isa = PBXBuildFile; fileRef = FF2C6DA12AF80C4E00939447 /* ContentView.swift */; };
		FF2C6DA42AF80C4F00939447 /* Assets.xcassets in Resources */ = {isa = PBXBuildFile; fileRef = FF2C6DA32AF80C4F00939447 /* Assets.xcassets */; };
		FF2C6DA72AF80C4F00939447 /* Preview Assets.xcassets in Resources */ = {isa = PBXBuildFile; fileRef = FF2C6DA62AF80C4F00939447 /* Preview Assets.xcassets */; };
		FF2C6DB12AF80C4F00939447 /* ShakyTests.swift in Sources */ = {isa = PBXBuildFile; fileRef = FF2C6DB02AF80C4F00939447 /* ShakyTests.swift */; };
		FF2C6DBB2AF80C4F00939447 /* ShakyUITests.swift in Sources */ = {isa = PBXBuildFile; fileRef = FF2C6DBA2AF80C4F00939447 /* ShakyUITests.swift */; };
		FF2C6DBD2AF80C4F00939447 /* ShakyUITestsLaunchTests.swift in Sources */ = {isa = PBXBuildFile; fileRef = FF2C6DBC2AF80C4F00939447 /* ShakyUITestsLaunchTests.swift */; };
		FF2C6DCA2AF80CBD00939447 /* AccelerometerModel.swift in Sources */ = {isa = PBXBuildFile; fileRef = FF2C6DC92AF80CBD00939447 /* AccelerometerModel.swift */; };
		FF3AA3AF2AFE50620059F14D /* InterstitialAd.swift in Sources */ = {isa = PBXBuildFile; fileRef = FF3AA3AE2AFE50620059F14D /* InterstitialAd.swift */; };
		FF3AA3B22AFE50BE0059F14D /* InterstitialAdView.swift in Sources */ = {isa = PBXBuildFile; fileRef = FF3AA3B12AFE50BE0059F14D /* InterstitialAdView.swift */; };
		FF3AA3B42AFE52210059F14D /* FullScreenModifier.swift in Sources */ = {isa = PBXBuildFile; fileRef = FF3AA3B32AFE52210059F14D /* FullScreenModifier.swift */; };
		FF6819992AF8303D00BB3BCC /* GameLevelView.swift in Sources */ = {isa = PBXBuildFile; fileRef = FF6819982AF8303D00BB3BCC /* GameLevelView.swift */; };
		FF68199B2AF8316300BB3BCC /* ViewComponents.swift in Sources */ = {isa = PBXBuildFile; fileRef = FF68199A2AF8316300BB3BCC /* ViewComponents.swift */; };
		FF88C2462AFD1CBE007EDB81 /* Music.swift in Sources */ = {isa = PBXBuildFile; fileRef = FF88C2452AFD1CBE007EDB81 /* Music.swift */; };
		FF88C2482AFD238A007EDB81 /* mainMusic.mp3 in Resources */ = {isa = PBXBuildFile; fileRef = FF88C2472AFD2389007EDB81 /* mainMusic.mp3 */; };
		FF88C24A2AFD2C94007EDB81 /* mainMusic2.mp3 in Resources */ = {isa = PBXBuildFile; fileRef = FF88C2492AFD2C94007EDB81 /* mainMusic2.mp3 */; };
		FF88C24D2AFD3204007EDB81 /* levelNeutral.mp3 in Resources */ = {isa = PBXBuildFile; fileRef = FF88C24B2AFD3203007EDB81 /* levelNeutral.mp3 */; };
		FF88C24E2AFD3204007EDB81 /* levelSuccess.mp3 in Resources */ = {isa = PBXBuildFile; fileRef = FF88C24C2AFD3204007EDB81 /* levelSuccess.mp3 */; };
		FF88C2512AFD4EA7007EDB81 /* PaidUserModel.swift in Sources */ = {isa = PBXBuildFile; fileRef = FF88C2502AFD4EA7007EDB81 /* PaidUserModel.swift */; };
		FF88C2532AFD6758007EDB81 /* Analytics.swift in Sources */ = {isa = PBXBuildFile; fileRef = FF88C2522AFD6758007EDB81 /* Analytics.swift */; };
		FF8DDCE82AFBC6B800338146 /* GameLevelModel.swift in Sources */ = {isa = PBXBuildFile; fileRef = FF8DDCE72AFBC6B800338146 /* GameLevelModel.swift */; };
		FF8DDCEE2AFBD66000338146 /* FirebaseAnalytics in Frameworks */ = {isa = PBXBuildFile; productRef = FF8DDCED2AFBD66000338146 /* FirebaseAnalytics */; };
		FF8DDCF02AFBD66000338146 /* FirebaseAnalyticsWithoutAdIdSupport in Frameworks */ = {isa = PBXBuildFile; productRef = FF8DDCEF2AFBD66000338146 /* FirebaseAnalyticsWithoutAdIdSupport */; };
		FF8DDCF72AFBDD7400338146 /* GoogleMobileAds in Frameworks */ = {isa = PBXBuildFile; productRef = FF8DDCF62AFBDD7400338146 /* GoogleMobileAds */; };
		FFA494422AFACC1C005F440F /* Shake.swift in Sources */ = {isa = PBXBuildFile; fileRef = FFA494412AFACC1C005F440F /* Shake.swift */; };
		FFC00A502AFBDF62003230CB /* Storage.swift in Sources */ = {isa = PBXBuildFile; fileRef = FFC00A4F2AFBDF62003230CB /* Storage.swift */; };
		FFC00A522AFBE332003230CB /* GoogleService-Info.plist in Resources */ = {isa = PBXBuildFile; fileRef = FFC00A512AFBE332003230CB /* GoogleService-Info.plist */; };
		FFD75DAF2B0271FB000036CE /* ball.swift in Sources */ = {isa = PBXBuildFile; fileRef = FFD75DAE2B0271FB000036CE /* ball.swift */; };
		FFD75DB12B02B497000036CE /* ball.wav in Resources */ = {isa = PBXBuildFile; fileRef = FFD75DB02B02B496000036CE /* ball.wav */; };
		FFF8EC652AFAE5220018E860 /* HelpView.swift in Sources */ = {isa = PBXBuildFile; fileRef = FFF8EC642AFAE5220018E860 /* HelpView.swift */; };
		FFF8EC692AFAE6FC0018E860 /* HorizontalZigZagAnimatedComponent.swift in Sources */ = {isa = PBXBuildFile; fileRef = FFF8EC682AFAE6FC0018E860 /* HorizontalZigZagAnimatedComponent.swift */; };
		FFF8EC6F2AFAFACD0018E860 /* LevelPassView.swift in Sources */ = {isa = PBXBuildFile; fileRef = FFF8EC6E2AFAFACD0018E860 /* LevelPassView.swift */; };
/* End PBXBuildFile section */

/* Begin PBXContainerItemProxy section */
		FF2C6DAD2AF80C4F00939447 /* PBXContainerItemProxy */ = {
			isa = PBXContainerItemProxy;
			containerPortal = FF2C6D942AF80C4E00939447 /* Project object */;
			proxyType = 1;
			remoteGlobalIDString = FF2C6D9B2AF80C4E00939447;
			remoteInfo = Shaky;
		};
		FF2C6DB72AF80C4F00939447 /* PBXContainerItemProxy */ = {
			isa = PBXContainerItemProxy;
			containerPortal = FF2C6D942AF80C4E00939447 /* Project object */;
			proxyType = 1;
			remoteGlobalIDString = FF2C6D9B2AF80C4E00939447;
			remoteInfo = Shaky;
		};
/* End PBXContainerItemProxy section */

/* Begin PBXFileReference section */
		FF2C6D9C2AF80C4E00939447 /* Shaky.app */ = {isa = PBXFileReference; explicitFileType = wrapper.application; includeInIndex = 0; path = Shaky.app; sourceTree = BUILT_PRODUCTS_DIR; };
		FF2C6D9F2AF80C4E00939447 /* ShakyApp.swift */ = {isa = PBXFileReference; lastKnownFileType = sourcecode.swift; path = ShakyApp.swift; sourceTree = "<group>"; };
		FF2C6DA12AF80C4E00939447 /* ContentView.swift */ = {isa = PBXFileReference; lastKnownFileType = sourcecode.swift; path = ContentView.swift; sourceTree = "<group>"; };
		FF2C6DA32AF80C4F00939447 /* Assets.xcassets */ = {isa = PBXFileReference; lastKnownFileType = folder.assetcatalog; path = Assets.xcassets; sourceTree = "<group>"; };
		FF2C6DA62AF80C4F00939447 /* Preview Assets.xcassets */ = {isa = PBXFileReference; lastKnownFileType = folder.assetcatalog; path = "Preview Assets.xcassets"; sourceTree = "<group>"; };
		FF2C6DAC2AF80C4F00939447 /* ShakyTests.xctest */ = {isa = PBXFileReference; explicitFileType = wrapper.cfbundle; includeInIndex = 0; path = ShakyTests.xctest; sourceTree = BUILT_PRODUCTS_DIR; };
		FF2C6DB02AF80C4F00939447 /* ShakyTests.swift */ = {isa = PBXFileReference; lastKnownFileType = sourcecode.swift; path = ShakyTests.swift; sourceTree = "<group>"; };
		FF2C6DB62AF80C4F00939447 /* ShakyUITests.xctest */ = {isa = PBXFileReference; explicitFileType = wrapper.cfbundle; includeInIndex = 0; path = ShakyUITests.xctest; sourceTree = BUILT_PRODUCTS_DIR; };
		FF2C6DBA2AF80C4F00939447 /* ShakyUITests.swift */ = {isa = PBXFileReference; lastKnownFileType = sourcecode.swift; path = ShakyUITests.swift; sourceTree = "<group>"; };
		FF2C6DBC2AF80C4F00939447 /* ShakyUITestsLaunchTests.swift */ = {isa = PBXFileReference; lastKnownFileType = sourcecode.swift; path = ShakyUITestsLaunchTests.swift; sourceTree = "<group>"; };
		FF2C6DC92AF80CBD00939447 /* AccelerometerModel.swift */ = {isa = PBXFileReference; lastKnownFileType = sourcecode.swift; path = AccelerometerModel.swift; sourceTree = "<group>"; };
		FF3AA3AE2AFE50620059F14D /* InterstitialAd.swift */ = {isa = PBXFileReference; lastKnownFileType = sourcecode.swift; path = InterstitialAd.swift; sourceTree = "<group>"; };
		FF3AA3B12AFE50BE0059F14D /* InterstitialAdView.swift */ = {isa = PBXFileReference; lastKnownFileType = sourcecode.swift; path = InterstitialAdView.swift; sourceTree = "<group>"; };
		FF3AA3B32AFE52210059F14D /* FullScreenModifier.swift */ = {isa = PBXFileReference; lastKnownFileType = sourcecode.swift; path = FullScreenModifier.swift; sourceTree = "<group>"; };
		FF6819982AF8303D00BB3BCC /* GameLevelView.swift */ = {isa = PBXFileReference; lastKnownFileType = sourcecode.swift; path = GameLevelView.swift; sourceTree = "<group>"; };
		FF68199A2AF8316300BB3BCC /* ViewComponents.swift */ = {isa = PBXFileReference; lastKnownFileType = sourcecode.swift; path = ViewComponents.swift; sourceTree = "<group>"; };
		FF8285972AFCE2C200BB2271 /* Info.plist */ = {isa = PBXFileReference; lastKnownFileType = text.plist; path = Info.plist; sourceTree = "<group>"; };
		FF88C2452AFD1CBE007EDB81 /* Music.swift */ = {isa = PBXFileReference; lastKnownFileType = sourcecode.swift; path = Music.swift; sourceTree = "<group>"; };
		FF88C2472AFD2389007EDB81 /* mainMusic.mp3 */ = {isa = PBXFileReference; lastKnownFileType = audio.mp3; path = mainMusic.mp3; sourceTree = "<group>"; };
		FF88C2492AFD2C94007EDB81 /* mainMusic2.mp3 */ = {isa = PBXFileReference; lastKnownFileType = audio.mp3; path = mainMusic2.mp3; sourceTree = "<group>"; };
		FF88C24B2AFD3203007EDB81 /* levelNeutral.mp3 */ = {isa = PBXFileReference; lastKnownFileType = audio.mp3; path = levelNeutral.mp3; sourceTree = "<group>"; };
		FF88C24C2AFD3204007EDB81 /* levelSuccess.mp3 */ = {isa = PBXFileReference; lastKnownFileType = audio.mp3; path = levelSuccess.mp3; sourceTree = "<group>"; };
		FF88C2502AFD4EA7007EDB81 /* PaidUserModel.swift */ = {isa = PBXFileReference; lastKnownFileType = sourcecode.swift; path = PaidUserModel.swift; sourceTree = "<group>"; };
		FF88C2522AFD6758007EDB81 /* Analytics.swift */ = {isa = PBXFileReference; lastKnownFileType = sourcecode.swift; path = Analytics.swift; sourceTree = "<group>"; };
		FF8DDCE72AFBC6B800338146 /* GameLevelModel.swift */ = {isa = PBXFileReference; lastKnownFileType = sourcecode.swift; path = GameLevelModel.swift; sourceTree = "<group>"; };
		FFA494412AFACC1C005F440F /* Shake.swift */ = {isa = PBXFileReference; lastKnownFileType = sourcecode.swift; path = Shake.swift; sourceTree = "<group>"; };
		FFC00A4F2AFBDF62003230CB /* Storage.swift */ = {isa = PBXFileReference; lastKnownFileType = sourcecode.swift; path = Storage.swift; sourceTree = "<group>"; };
		FFC00A512AFBE332003230CB /* GoogleService-Info.plist */ = {isa = PBXFileReference; fileEncoding = 4; lastKnownFileType = text.plist.xml; path = "GoogleService-Info.plist"; sourceTree = "<group>"; };
		FFD75DAE2B0271FB000036CE /* ball.swift */ = {isa = PBXFileReference; lastKnownFileType = sourcecode.swift; path = ball.swift; sourceTree = "<group>"; };
		FFD75DB02B02B496000036CE /* ball.wav */ = {isa = PBXFileReference; lastKnownFileType = audio.wav; path = ball.wav; sourceTree = "<group>"; };
		FFF8EC642AFAE5220018E860 /* HelpView.swift */ = {isa = PBXFileReference; lastKnownFileType = sourcecode.swift; path = HelpView.swift; sourceTree = "<group>"; };
		FFF8EC682AFAE6FC0018E860 /* HorizontalZigZagAnimatedComponent.swift */ = {isa = PBXFileReference; lastKnownFileType = sourcecode.swift; path = HorizontalZigZagAnimatedComponent.swift; sourceTree = "<group>"; };
		FFF8EC6E2AFAFACD0018E860 /* LevelPassView.swift */ = {isa = PBXFileReference; lastKnownFileType = sourcecode.swift; path = LevelPassView.swift; sourceTree = "<group>"; };
/* End PBXFileReference section */

/* Begin PBXFrameworksBuildPhase section */
		FF2C6D992AF80C4E00939447 /* Frameworks */ = {
			isa = PBXFrameworksBuildPhase;
			buildActionMask = 2147483647;
			files = (
				FF8DDCF72AFBDD7400338146 /* GoogleMobileAds in Frameworks */,
				FF8DDCEE2AFBD66000338146 /* FirebaseAnalytics in Frameworks */,
				FF8DDCF02AFBD66000338146 /* FirebaseAnalyticsWithoutAdIdSupport in Frameworks */,
			);
			runOnlyForDeploymentPostprocessing = 0;
		};
		FF2C6DA92AF80C4F00939447 /* Frameworks */ = {
			isa = PBXFrameworksBuildPhase;
			buildActionMask = 2147483647;
			files = (
			);
			runOnlyForDeploymentPostprocessing = 0;
		};
		FF2C6DB32AF80C4F00939447 /* Frameworks */ = {
			isa = PBXFrameworksBuildPhase;
			buildActionMask = 2147483647;
			files = (
			);
			runOnlyForDeploymentPostprocessing = 0;
		};
/* End PBXFrameworksBuildPhase section */

/* Begin PBXGroup section */
		FF2C6D932AF80C4E00939447 = {
			isa = PBXGroup;
			children = (
				FFD75DAE2B0271FB000036CE /* ball.swift */,
				FF2C6D9E2AF80C4E00939447 /* Shaky */,
				FF2C6DAF2AF80C4F00939447 /* ShakyTests */,
				FF2C6DB92AF80C4F00939447 /* ShakyUITests */,
				FF2C6D9D2AF80C4E00939447 /* Products */,
			);
			sourceTree = "<group>";
		};
		FF2C6D9D2AF80C4E00939447 /* Products */ = {
			isa = PBXGroup;
			children = (
				FF2C6D9C2AF80C4E00939447 /* Shaky.app */,
				FF2C6DAC2AF80C4F00939447 /* ShakyTests.xctest */,
				FF2C6DB62AF80C4F00939447 /* ShakyUITests.xctest */,
			);
			name = Products;
			sourceTree = "<group>";
		};
		FF2C6D9E2AF80C4E00939447 /* Shaky */ = {
			isa = PBXGroup;
			children = (
				FF8285972AFCE2C200BB2271 /* Info.plist */,
				FF2C6D9F2AF80C4E00939447 /* ShakyApp.swift */,
				FFF8EC672AFAE6E00018E860 /* Model */,
				FFF8EC662AFAE6D00018E860 /* View */,
				FFF8EC6D2AFAF3090018E860 /* Utils */,
				FF2C6DA32AF80C4F00939447 /* Assets.xcassets */,
				FF88C24F2AFD3208007EDB81 /* Music */,
				FFC00A512AFBE332003230CB /* GoogleService-Info.plist */,
				FF2C6DA52AF80C4F00939447 /* Preview Content */,
			);
			path = Shaky;
			sourceTree = "<group>";
		};
		FF2C6DA52AF80C4F00939447 /* Preview Content */ = {
			isa = PBXGroup;
			children = (
				FF2C6DA62AF80C4F00939447 /* Preview Assets.xcassets */,
			);
			path = "Preview Content";
			sourceTree = "<group>";
		};
		FF2C6DAF2AF80C4F00939447 /* ShakyTests */ = {
			isa = PBXGroup;
			children = (
				FF2C6DB02AF80C4F00939447 /* ShakyTests.swift */,
			);
			path = ShakyTests;
			sourceTree = "<group>";
		};
		FF2C6DB92AF80C4F00939447 /* ShakyUITests */ = {
			isa = PBXGroup;
			children = (
				FF2C6DBA2AF80C4F00939447 /* ShakyUITests.swift */,
				FF2C6DBC2AF80C4F00939447 /* ShakyUITestsLaunchTests.swift */,
			);
			path = ShakyUITests;
			sourceTree = "<group>";
		};
		FF3AA3B02AFE506C0059F14D /* AdViews */ = {
			isa = PBXGroup;
			children = (
				FF3AA3AE2AFE50620059F14D /* InterstitialAd.swift */,
				FF3AA3B12AFE50BE0059F14D /* InterstitialAdView.swift */,
				FF3AA3B32AFE52210059F14D /* FullScreenModifier.swift */,
			);
			path = AdViews;
			sourceTree = "<group>";
		};
		FF88C24F2AFD3208007EDB81 /* Music */ = {
			isa = PBXGroup;
			children = (
				FFD75DB02B02B496000036CE /* ball.wav */,
				FF88C2472AFD2389007EDB81 /* mainMusic.mp3 */,
				FF88C2492AFD2C94007EDB81 /* mainMusic2.mp3 */,
				FF88C24B2AFD3203007EDB81 /* levelNeutral.mp3 */,
				FF88C24C2AFD3204007EDB81 /* levelSuccess.mp3 */,
			);
			path = Music;
			sourceTree = "<group>";
		};
		FFF8EC662AFAE6D00018E860 /* View */ = {
			isa = PBXGroup;
			children = (
				FF2C6DA12AF80C4E00939447 /* ContentView.swift */,
				FFF8EC642AFAE5220018E860 /* HelpView.swift */,
				FF6819982AF8303D00BB3BCC /* GameLevelView.swift */,
				FFF8EC6E2AFAFACD0018E860 /* LevelPassView.swift */,
				FF3AA3B02AFE506C0059F14D /* AdViews */,
				FFF8EC6A2AFAE7010018E860 /* Component */,
			);
			path = View;
			sourceTree = "<group>";
		};
		FFF8EC672AFAE6E00018E860 /* Model */ = {
			isa = PBXGroup;
			children = (
				FF2C6DC92AF80CBD00939447 /* AccelerometerModel.swift */,
				FF88C2502AFD4EA7007EDB81 /* PaidUserModel.swift */,
				FF8DDCE72AFBC6B800338146 /* GameLevelModel.swift */,
			);
			path = Model;
			sourceTree = "<group>";
		};
		FFF8EC6A2AFAE7010018E860 /* Component */ = {
			isa = PBXGroup;
			children = (
				FF68199A2AF8316300BB3BCC /* ViewComponents.swift */,
				FFF8EC682AFAE6FC0018E860 /* HorizontalZigZagAnimatedComponent.swift */,
			);
			path = Component;
			sourceTree = "<group>";
		};
		FFF8EC6D2AFAF3090018E860 /* Utils */ = {
			isa = PBXGroup;
			children = (
				FFA494412AFACC1C005F440F /* Shake.swift */,
				FF88C2452AFD1CBE007EDB81 /* Music.swift */,
				FF88C2522AFD6758007EDB81 /* Analytics.swift */,
				FFC00A4F2AFBDF62003230CB /* Storage.swift */,
			);
			path = Utils;
			sourceTree = "<group>";
		};
/* End PBXGroup section */

/* Begin PBXNativeTarget section */
		FF2C6D9B2AF80C4E00939447 /* Shaky */ = {
			isa = PBXNativeTarget;
			buildConfigurationList = FF2C6DC02AF80C4F00939447 /* Build configuration list for PBXNativeTarget "Shaky" */;
			buildPhases = (
				FF2C6D982AF80C4E00939447 /* Sources */,
				FF2C6D992AF80C4E00939447 /* Frameworks */,
				FF2C6D9A2AF80C4E00939447 /* Resources */,
			);
			buildRules = (
			);
			dependencies = (
			);
			name = Shaky;
			packageProductDependencies = (
				FF8DDCED2AFBD66000338146 /* FirebaseAnalytics */,
				FF8DDCEF2AFBD66000338146 /* FirebaseAnalyticsWithoutAdIdSupport */,
				FF8DDCF62AFBDD7400338146 /* GoogleMobileAds */,
			);
			productName = Shaky;
			productReference = FF2C6D9C2AF80C4E00939447 /* Shaky.app */;
			productType = "com.apple.product-type.application";
		};
		FF2C6DAB2AF80C4F00939447 /* ShakyTests */ = {
			isa = PBXNativeTarget;
			buildConfigurationList = FF2C6DC32AF80C4F00939447 /* Build configuration list for PBXNativeTarget "ShakyTests" */;
			buildPhases = (
				FF2C6DA82AF80C4F00939447 /* Sources */,
				FF2C6DA92AF80C4F00939447 /* Frameworks */,
				FF2C6DAA2AF80C4F00939447 /* Resources */,
			);
			buildRules = (
			);
			dependencies = (
				FF2C6DAE2AF80C4F00939447 /* PBXTargetDependency */,
			);
			name = ShakyTests;
			productName = ShakyTests;
			productReference = FF2C6DAC2AF80C4F00939447 /* ShakyTests.xctest */;
			productType = "com.apple.product-type.bundle.unit-test";
		};
		FF2C6DB52AF80C4F00939447 /* ShakyUITests */ = {
			isa = PBXNativeTarget;
			buildConfigurationList = FF2C6DC62AF80C4F00939447 /* Build configuration list for PBXNativeTarget "ShakyUITests" */;
			buildPhases = (
				FF2C6DB22AF80C4F00939447 /* Sources */,
				FF2C6DB32AF80C4F00939447 /* Frameworks */,
				FF2C6DB42AF80C4F00939447 /* Resources */,
			);
			buildRules = (
			);
			dependencies = (
				FF2C6DB82AF80C4F00939447 /* PBXTargetDependency */,
			);
			name = ShakyUITests;
			productName = ShakyUITests;
			productReference = FF2C6DB62AF80C4F00939447 /* ShakyUITests.xctest */;
			productType = "com.apple.product-type.bundle.ui-testing";
		};
/* End PBXNativeTarget section */

/* Begin PBXProject section */
		FF2C6D942AF80C4E00939447 /* Project object */ = {
			isa = PBXProject;
			attributes = {
				BuildIndependentTargetsInParallel = 1;
				LastSwiftUpdateCheck = 1500;
				LastUpgradeCheck = 1500;
				TargetAttributes = {
					FF2C6D9B2AF80C4E00939447 = {
						CreatedOnToolsVersion = 15.0;
					};
					FF2C6DAB2AF80C4F00939447 = {
						CreatedOnToolsVersion = 15.0;
						TestTargetID = FF2C6D9B2AF80C4E00939447;
					};
					FF2C6DB52AF80C4F00939447 = {
						CreatedOnToolsVersion = 15.0;
						TestTargetID = FF2C6D9B2AF80C4E00939447;
					};
				};
			};
			buildConfigurationList = FF2C6D972AF80C4E00939447 /* Build configuration list for PBXProject "Shaky" */;
			compatibilityVersion = "Xcode 14.0";
			developmentRegion = en;
			hasScannedForEncodings = 0;
			knownRegions = (
				en,
				Base,
			);
			mainGroup = FF2C6D932AF80C4E00939447;
			packageReferences = (
				FF8DDCEC2AFBD66000338146 /* XCRemoteSwiftPackageReference "firebase-ios-sdk" */,
				FF8DDCF52AFBDD7400338146 /* XCRemoteSwiftPackageReference "swift-package-manager-google-mobile-ads" */,
			);
			productRefGroup = FF2C6D9D2AF80C4E00939447 /* Products */;
			projectDirPath = "";
			projectRoot = "";
			targets = (
				FF2C6D9B2AF80C4E00939447 /* Shaky */,
				FF2C6DAB2AF80C4F00939447 /* ShakyTests */,
				FF2C6DB52AF80C4F00939447 /* ShakyUITests */,
			);
		};
/* End PBXProject section */

/* Begin PBXResourcesBuildPhase section */
		FF2C6D9A2AF80C4E00939447 /* Resources */ = {
			isa = PBXResourcesBuildPhase;
			buildActionMask = 2147483647;
			files = (
				FF88C24A2AFD2C94007EDB81 /* mainMusic2.mp3 in Resources */,
				FF88C24D2AFD3204007EDB81 /* levelNeutral.mp3 in Resources */,
				FF2C6DA72AF80C4F00939447 /* Preview Assets.xcassets in Resources */,
				FF88C2482AFD238A007EDB81 /* mainMusic.mp3 in Resources */,
				FF2C6DA42AF80C4F00939447 /* Assets.xcassets in Resources */,
				FFC00A522AFBE332003230CB /* GoogleService-Info.plist in Resources */,
				FF88C24E2AFD3204007EDB81 /* levelSuccess.mp3 in Resources */,
				FFD75DB12B02B497000036CE /* ball.wav in Resources */,
			);
			runOnlyForDeploymentPostprocessing = 0;
		};
		FF2C6DAA2AF80C4F00939447 /* Resources */ = {
			isa = PBXResourcesBuildPhase;
			buildActionMask = 2147483647;
			files = (
			);
			runOnlyForDeploymentPostprocessing = 0;
		};
		FF2C6DB42AF80C4F00939447 /* Resources */ = {
			isa = PBXResourcesBuildPhase;
			buildActionMask = 2147483647;
			files = (
			);
			runOnlyForDeploymentPostprocessing = 0;
		};
/* End PBXResourcesBuildPhase section */

/* Begin PBXSourcesBuildPhase section */
		FF2C6D982AF80C4E00939447 /* Sources */ = {
			isa = PBXSourcesBuildPhase;
			buildActionMask = 2147483647;
			files = (
				FF8DDCE82AFBC6B800338146 /* GameLevelModel.swift in Sources */,
				FF88C2462AFD1CBE007EDB81 /* Music.swift in Sources */,
				FFA494422AFACC1C005F440F /* Shake.swift in Sources */,
				FF68199B2AF8316300BB3BCC /* ViewComponents.swift in Sources */,
				FF2C6DCA2AF80CBD00939447 /* AccelerometerModel.swift in Sources */,
				FFF8EC652AFAE5220018E860 /* HelpView.swift in Sources */,
				FFD75DAF2B0271FB000036CE /* ball.swift in Sources */,
				FF2C6DA22AF80C4E00939447 /* ContentView.swift in Sources */,
				FF3AA3AF2AFE50620059F14D /* InterstitialAd.swift in Sources */,
				FFF8EC6F2AFAFACD0018E860 /* LevelPassView.swift in Sources */,
				FF88C2532AFD6758007EDB81 /* Analytics.swift in Sources */,
				FF2C6DA02AF80C4E00939447 /* ShakyApp.swift in Sources */,
				FFF8EC692AFAE6FC0018E860 /* HorizontalZigZagAnimatedComponent.swift in Sources */,
				FFC00A502AFBDF62003230CB /* Storage.swift in Sources */,
				FF3AA3B42AFE52210059F14D /* FullScreenModifier.swift in Sources */,
				FF6819992AF8303D00BB3BCC /* GameLevelView.swift in Sources */,
				FF88C2512AFD4EA7007EDB81 /* PaidUserModel.swift in Sources */,
				FF3AA3B22AFE50BE0059F14D /* InterstitialAdView.swift in Sources */,
			);
			runOnlyForDeploymentPostprocessing = 0;
		};
		FF2C6DA82AF80C4F00939447 /* Sources */ = {
			isa = PBXSourcesBuildPhase;
			buildActionMask = 2147483647;
			files = (
				FF2C6DB12AF80C4F00939447 /* ShakyTests.swift in Sources */,
			);
			runOnlyForDeploymentPostprocessing = 0;
		};
		FF2C6DB22AF80C4F00939447 /* Sources */ = {
			isa = PBXSourcesBuildPhase;
			buildActionMask = 2147483647;
			files = (
				FF2C6DBB2AF80C4F00939447 /* ShakyUITests.swift in Sources */,
				FF2C6DBD2AF80C4F00939447 /* ShakyUITestsLaunchTests.swift in Sources */,
			);
			runOnlyForDeploymentPostprocessing = 0;
		};
/* End PBXSourcesBuildPhase section */

/* Begin PBXTargetDependency section */
		FF2C6DAE2AF80C4F00939447 /* PBXTargetDependency */ = {
			isa = PBXTargetDependency;
			target = FF2C6D9B2AF80C4E00939447 /* Shaky */;
			targetProxy = FF2C6DAD2AF80C4F00939447 /* PBXContainerItemProxy */;
		};
		FF2C6DB82AF80C4F00939447 /* PBXTargetDependency */ = {
			isa = PBXTargetDependency;
			target = FF2C6D9B2AF80C4E00939447 /* Shaky */;
			targetProxy = FF2C6DB72AF80C4F00939447 /* PBXContainerItemProxy */;
		};
/* End PBXTargetDependency section */

/* Begin XCBuildConfiguration section */
		FF2C6DBE2AF80C4F00939447 /* Debug */ = {
			isa = XCBuildConfiguration;
			buildSettings = {
				ALWAYS_SEARCH_USER_PATHS = NO;
				ASSETCATALOG_COMPILER_GENERATE_SWIFT_ASSET_SYMBOL_EXTENSIONS = YES;
				CLANG_ANALYZER_NONNULL = YES;
				CLANG_ANALYZER_NUMBER_OBJECT_CONVERSION = YES_AGGRESSIVE;
				CLANG_CXX_LANGUAGE_STANDARD = "gnu++20";
				CLANG_ENABLE_MODULES = YES;
				CLANG_ENABLE_OBJC_ARC = YES;
				CLANG_ENABLE_OBJC_WEAK = YES;
				CLANG_WARN_BLOCK_CAPTURE_AUTORELEASING = YES;
				CLANG_WARN_BOOL_CONVERSION = YES;
				CLANG_WARN_COMMA = YES;
				CLANG_WARN_CONSTANT_CONVERSION = YES;
				CLANG_WARN_DEPRECATED_OBJC_IMPLEMENTATIONS = YES;
				CLANG_WARN_DIRECT_OBJC_ISA_USAGE = YES_ERROR;
				CLANG_WARN_DOCUMENTATION_COMMENTS = YES;
				CLANG_WARN_EMPTY_BODY = YES;
				CLANG_WARN_ENUM_CONVERSION = YES;
				CLANG_WARN_INFINITE_RECURSION = YES;
				CLANG_WARN_INT_CONVERSION = YES;
				CLANG_WARN_NON_LITERAL_NULL_CONVERSION = YES;
				CLANG_WARN_OBJC_IMPLICIT_RETAIN_SELF = YES;
				CLANG_WARN_OBJC_LITERAL_CONVERSION = YES;
				CLANG_WARN_OBJC_ROOT_CLASS = YES_ERROR;
				CLANG_WARN_QUOTED_INCLUDE_IN_FRAMEWORK_HEADER = YES;
				CLANG_WARN_RANGE_LOOP_ANALYSIS = YES;
				CLANG_WARN_STRICT_PROTOTYPES = YES;
				CLANG_WARN_SUSPICIOUS_MOVE = YES;
				CLANG_WARN_UNGUARDED_AVAILABILITY = YES_AGGRESSIVE;
				CLANG_WARN_UNREACHABLE_CODE = YES;
				CLANG_WARN__DUPLICATE_METHOD_MATCH = YES;
				COPY_PHASE_STRIP = NO;
				DEBUG_INFORMATION_FORMAT = dwarf;
				ENABLE_STRICT_OBJC_MSGSEND = YES;
				ENABLE_TESTABILITY = YES;
				ENABLE_USER_SCRIPT_SANDBOXING = YES;
				GCC_C_LANGUAGE_STANDARD = gnu17;
				GCC_DYNAMIC_NO_PIC = NO;
				GCC_NO_COMMON_BLOCKS = YES;
				GCC_OPTIMIZATION_LEVEL = 0;
				GCC_PREPROCESSOR_DEFINITIONS = (
					"DEBUG=1",
					"$(inherited)",
				);
				GCC_WARN_64_TO_32_BIT_CONVERSION = YES;
				GCC_WARN_ABOUT_RETURN_TYPE = YES_ERROR;
				GCC_WARN_UNDECLARED_SELECTOR = YES;
				GCC_WARN_UNINITIALIZED_AUTOS = YES_AGGRESSIVE;
				GCC_WARN_UNUSED_FUNCTION = YES;
				GCC_WARN_UNUSED_VARIABLE = YES;
				IPHONEOS_DEPLOYMENT_TARGET = 17.0;
				LOCALIZATION_PREFERS_STRING_CATALOGS = YES;
				MTL_ENABLE_DEBUG_INFO = INCLUDE_SOURCE;
				MTL_FAST_MATH = YES;
				ONLY_ACTIVE_ARCH = YES;
				OTHER_LDFLAGS = "-ObjC";
				SDKROOT = iphoneos;
				SWIFT_ACTIVE_COMPILATION_CONDITIONS = "DEBUG $(inherited)";
				SWIFT_OPTIMIZATION_LEVEL = "-Onone";
			};
			name = Debug;
		};
		FF2C6DBF2AF80C4F00939447 /* Release */ = {
			isa = XCBuildConfiguration;
			buildSettings = {
				ALWAYS_SEARCH_USER_PATHS = NO;
				ASSETCATALOG_COMPILER_GENERATE_SWIFT_ASSET_SYMBOL_EXTENSIONS = YES;
				CLANG_ANALYZER_NONNULL = YES;
				CLANG_ANALYZER_NUMBER_OBJECT_CONVERSION = YES_AGGRESSIVE;
				CLANG_CXX_LANGUAGE_STANDARD = "gnu++20";
				CLANG_ENABLE_MODULES = YES;
				CLANG_ENABLE_OBJC_ARC = YES;
				CLANG_ENABLE_OBJC_WEAK = YES;
				CLANG_WARN_BLOCK_CAPTURE_AUTORELEASING = YES;
				CLANG_WARN_BOOL_CONVERSION = YES;
				CLANG_WARN_COMMA = YES;
				CLANG_WARN_CONSTANT_CONVERSION = YES;
				CLANG_WARN_DEPRECATED_OBJC_IMPLEMENTATIONS = YES;
				CLANG_WARN_DIRECT_OBJC_ISA_USAGE = YES_ERROR;
				CLANG_WARN_DOCUMENTATION_COMMENTS = YES;
				CLANG_WARN_EMPTY_BODY = YES;
				CLANG_WARN_ENUM_CONVERSION = YES;
				CLANG_WARN_INFINITE_RECURSION = YES;
				CLANG_WARN_INT_CONVERSION = YES;
				CLANG_WARN_NON_LITERAL_NULL_CONVERSION = YES;
				CLANG_WARN_OBJC_IMPLICIT_RETAIN_SELF = YES;
				CLANG_WARN_OBJC_LITERAL_CONVERSION = YES;
				CLANG_WARN_OBJC_ROOT_CLASS = YES_ERROR;
				CLANG_WARN_QUOTED_INCLUDE_IN_FRAMEWORK_HEADER = YES;
				CLANG_WARN_RANGE_LOOP_ANALYSIS = YES;
				CLANG_WARN_STRICT_PROTOTYPES = YES;
				CLANG_WARN_SUSPICIOUS_MOVE = YES;
				CLANG_WARN_UNGUARDED_AVAILABILITY = YES_AGGRESSIVE;
				CLANG_WARN_UNREACHABLE_CODE = YES;
				CLANG_WARN__DUPLICATE_METHOD_MATCH = YES;
				COPY_PHASE_STRIP = NO;
				DEBUG_INFORMATION_FORMAT = "dwarf-with-dsym";
				ENABLE_NS_ASSERTIONS = NO;
				ENABLE_STRICT_OBJC_MSGSEND = YES;
				ENABLE_USER_SCRIPT_SANDBOXING = YES;
				GCC_C_LANGUAGE_STANDARD = gnu17;
				GCC_NO_COMMON_BLOCKS = YES;
				GCC_WARN_64_TO_32_BIT_CONVERSION = YES;
				GCC_WARN_ABOUT_RETURN_TYPE = YES_ERROR;
				GCC_WARN_UNDECLARED_SELECTOR = YES;
				GCC_WARN_UNINITIALIZED_AUTOS = YES_AGGRESSIVE;
				GCC_WARN_UNUSED_FUNCTION = YES;
				GCC_WARN_UNUSED_VARIABLE = YES;
				IPHONEOS_DEPLOYMENT_TARGET = 17.0;
				LOCALIZATION_PREFERS_STRING_CATALOGS = YES;
				MTL_ENABLE_DEBUG_INFO = NO;
				MTL_FAST_MATH = YES;
				OTHER_LDFLAGS = "-ObjC";
				SDKROOT = iphoneos;
				SWIFT_COMPILATION_MODE = wholemodule;
				VALIDATE_PRODUCT = YES;
			};
			name = Release;
		};
		FF2C6DC12AF80C4F00939447 /* Debug */ = {
			isa = XCBuildConfiguration;
			buildSettings = {
				ASSETCATALOG_COMPILER_APPICON_NAME = AppIcon;
				ASSETCATALOG_COMPILER_GLOBAL_ACCENT_COLOR_NAME = AccentColor;
				CODE_SIGN_STYLE = Automatic;
				CURRENT_PROJECT_VERSION = 1;
				DEVELOPMENT_ASSET_PATHS = "\"Shaky/Preview Content\"";
				DEVELOPMENT_TEAM = QJPF9VAGLS;
				ENABLE_PREVIEWS = YES;
				GENERATE_INFOPLIST_FILE = YES;
				INFOPLIST_FILE = Shaky/Info.plist;
				INFOPLIST_KEY_LSApplicationCategoryType = "public.app-category.games";
				INFOPLIST_KEY_UIApplicationSceneManifest_Generation = YES;
				INFOPLIST_KEY_UIApplicationSupportsIndirectInputEvents = YES;
				INFOPLIST_KEY_UILaunchScreen_Generation = YES;
				INFOPLIST_KEY_UIRequiredDeviceCapabilities = accelerometer;
				INFOPLIST_KEY_UISupportedInterfaceOrientations = UIInterfaceOrientationPortrait;
				IPHONEOS_DEPLOYMENT_TARGET = 15.0;
				LD_RUNPATH_SEARCH_PATHS = (
					"$(inherited)",
					"@executable_path/Frameworks",
				);
				MARKETING_VERSION = 1.0;
				PRODUCT_BUNDLE_IDENTIFIER = me.mesut.Shaky;
				PRODUCT_NAME = "$(TARGET_NAME)";
				SWIFT_EMIT_LOC_STRINGS = YES;
				SWIFT_VERSION = 5.0;
				TARGETED_DEVICE_FAMILY = "1,2";
			};
			name = Debug;
		};
		FF2C6DC22AF80C4F00939447 /* Release */ = {
			isa = XCBuildConfiguration;
			buildSettings = {
				ASSETCATALOG_COMPILER_APPICON_NAME = AppIcon;
				ASSETCATALOG_COMPILER_GLOBAL_ACCENT_COLOR_NAME = AccentColor;
				CODE_SIGN_STYLE = Automatic;
				CURRENT_PROJECT_VERSION = 1;
				DEVELOPMENT_ASSET_PATHS = "\"Shaky/Preview Content\"";
				DEVELOPMENT_TEAM = QJPF9VAGLS;
				ENABLE_PREVIEWS = YES;
				GENERATE_INFOPLIST_FILE = YES;
				INFOPLIST_FILE = Shaky/Info.plist;
				INFOPLIST_KEY_LSApplicationCategoryType = "public.app-category.games";
				INFOPLIST_KEY_UIApplicationSceneManifest_Generation = YES;
				INFOPLIST_KEY_UIApplicationSupportsIndirectInputEvents = YES;
				INFOPLIST_KEY_UILaunchScreen_Generation = YES;
				INFOPLIST_KEY_UIRequiredDeviceCapabilities = accelerometer;
				INFOPLIST_KEY_UISupportedInterfaceOrientations = UIInterfaceOrientationPortrait;
				IPHONEOS_DEPLOYMENT_TARGET = 15.0;
				LD_RUNPATH_SEARCH_PATHS = (
					"$(inherited)",
					"@executable_path/Frameworks",
				);
				MARKETING_VERSION = 1.0;
				PRODUCT_BUNDLE_IDENTIFIER = me.mesut.Shaky;
				PRODUCT_NAME = "$(TARGET_NAME)";
				SWIFT_EMIT_LOC_STRINGS = YES;
				SWIFT_VERSION = 5.0;
				TARGETED_DEVICE_FAMILY = "1,2";
			};
			name = Release;
		};
		FF2C6DC42AF80C4F00939447 /* Debug */ = {
			isa = XCBuildConfiguration;
			buildSettings = {
				ALWAYS_EMBED_SWIFT_STANDARD_LIBRARIES = YES;
				BUNDLE_LOADER = "$(TEST_HOST)";
				CODE_SIGN_STYLE = Automatic;
				CURRENT_PROJECT_VERSION = 1;
				DEVELOPMENT_TEAM = QJPF9VAGLS;
				GENERATE_INFOPLIST_FILE = YES;
				IPHONEOS_DEPLOYMENT_TARGET = 17.0;
				MARKETING_VERSION = 1.0;
				PRODUCT_BUNDLE_IDENTIFIER = me.mesut.ShakyTests;
				PRODUCT_NAME = "$(TARGET_NAME)";
				SWIFT_EMIT_LOC_STRINGS = NO;
				SWIFT_VERSION = 5.0;
				TARGETED_DEVICE_FAMILY = "1,2";
				TEST_HOST = "$(BUILT_PRODUCTS_DIR)/Shaky.app/$(BUNDLE_EXECUTABLE_FOLDER_PATH)/Shaky";
			};
			name = Debug;
		};
		FF2C6DC52AF80C4F00939447 /* Release */ = {
			isa = XCBuildConfiguration;
			buildSettings = {
				ALWAYS_EMBED_SWIFT_STANDARD_LIBRARIES = YES;
				BUNDLE_LOADER = "$(TEST_HOST)";
				CODE_SIGN_STYLE = Automatic;
				CURRENT_PROJECT_VERSION = 1;
				DEVELOPMENT_TEAM = QJPF9VAGLS;
				GENERATE_INFOPLIST_FILE = YES;
				IPHONEOS_DEPLOYMENT_TARGET = 17.0;
				MARKETING_VERSION = 1.0;
				PRODUCT_BUNDLE_IDENTIFIER = me.mesut.ShakyTests;
				PRODUCT_NAME = "$(TARGET_NAME)";
				SWIFT_EMIT_LOC_STRINGS = NO;
				SWIFT_VERSION = 5.0;
				TARGETED_DEVICE_FAMILY = "1,2";
				TEST_HOST = "$(BUILT_PRODUCTS_DIR)/Shaky.app/$(BUNDLE_EXECUTABLE_FOLDER_PATH)/Shaky";
			};
			name = Release;
		};
		FF2C6DC72AF80C4F00939447 /* Debug */ = {
			isa = XCBuildConfiguration;
			buildSettings = {
				ALWAYS_EMBED_SWIFT_STANDARD_LIBRARIES = YES;
				CODE_SIGN_STYLE = Automatic;
				CURRENT_PROJECT_VERSION = 1;
				DEVELOPMENT_TEAM = QJPF9VAGLS;
				GENERATE_INFOPLIST_FILE = YES;
				MARKETING_VERSION = 1.0;
				PRODUCT_BUNDLE_IDENTIFIER = me.mesut.ShakyUITests;
				PRODUCT_NAME = "$(TARGET_NAME)";
				SWIFT_EMIT_LOC_STRINGS = NO;
				SWIFT_VERSION = 5.0;
				TARGETED_DEVICE_FAMILY = "1,2";
				TEST_TARGET_NAME = Shaky;
			};
			name = Debug;
		};
		FF2C6DC82AF80C4F00939447 /* Release */ = {
			isa = XCBuildConfiguration;
			buildSettings = {
				ALWAYS_EMBED_SWIFT_STANDARD_LIBRARIES = YES;
				CODE_SIGN_STYLE = Automatic;
				CURRENT_PROJECT_VERSION = 1;
				DEVELOPMENT_TEAM = QJPF9VAGLS;
				GENERATE_INFOPLIST_FILE = YES;
				MARKETING_VERSION = 1.0;
				PRODUCT_BUNDLE_IDENTIFIER = me.mesut.ShakyUITests;
				PRODUCT_NAME = "$(TARGET_NAME)";
				SWIFT_EMIT_LOC_STRINGS = NO;
				SWIFT_VERSION = 5.0;
				TARGETED_DEVICE_FAMILY = "1,2";
				TEST_TARGET_NAME = Shaky;
			};
			name = Release;
		};
/* End XCBuildConfiguration section */

/* Begin XCConfigurationList section */
		FF2C6D972AF80C4E00939447 /* Build configuration list for PBXProject "Shaky" */ = {
			isa = XCConfigurationList;
			buildConfigurations = (
				FF2C6DBE2AF80C4F00939447 /* Debug */,
				FF2C6DBF2AF80C4F00939447 /* Release */,
			);
			defaultConfigurationIsVisible = 0;
			defaultConfigurationName = Release;
		};
		FF2C6DC02AF80C4F00939447 /* Build configuration list for PBXNativeTarget "Shaky" */ = {
			isa = XCConfigurationList;
			buildConfigurations = (
				FF2C6DC12AF80C4F00939447 /* Debug */,
				FF2C6DC22AF80C4F00939447 /* Release */,
			);
			defaultConfigurationIsVisible = 0;
			defaultConfigurationName = Release;
		};
		FF2C6DC32AF80C4F00939447 /* Build configuration list for PBXNativeTarget "ShakyTests" */ = {
			isa = XCConfigurationList;
			buildConfigurations = (
				FF2C6DC42AF80C4F00939447 /* Debug */,
				FF2C6DC52AF80C4F00939447 /* Release */,
			);
			defaultConfigurationIsVisible = 0;
			defaultConfigurationName = Release;
		};
		FF2C6DC62AF80C4F00939447 /* Build configuration list for PBXNativeTarget "ShakyUITests" */ = {
			isa = XCConfigurationList;
			buildConfigurations = (
				FF2C6DC72AF80C4F00939447 /* Debug */,
				FF2C6DC82AF80C4F00939447 /* Release */,
			);
			defaultConfigurationIsVisible = 0;
			defaultConfigurationName = Release;
		};
/* End XCConfigurationList section */

/* Begin XCRemoteSwiftPackageReference section */
		FF8DDCEC2AFBD66000338146 /* XCRemoteSwiftPackageReference "firebase-ios-sdk" */ = {
			isa = XCRemoteSwiftPackageReference;
			repositoryURL = "https://github.com/firebase/firebase-ios-sdk";
			requirement = {
				kind = upToNextMajorVersion;
				minimumVersion = 10.17.0;
			};
		};
		FF8DDCF52AFBDD7400338146 /* XCRemoteSwiftPackageReference "swift-package-manager-google-mobile-ads" */ = {
			isa = XCRemoteSwiftPackageReference;
			repositoryURL = "https://github.com/googleads/swift-package-manager-google-mobile-ads.git";
			requirement = {
				kind = upToNextMajorVersion;
				minimumVersion = 10.13.0;
			};
		};
/* End XCRemoteSwiftPackageReference section */

/* Begin XCSwiftPackageProductDependency section */
		FF8DDCED2AFBD66000338146 /* FirebaseAnalytics */ = {
			isa = XCSwiftPackageProductDependency;
			package = FF8DDCEC2AFBD66000338146 /* XCRemoteSwiftPackageReference "firebase-ios-sdk" */;
			productName = FirebaseAnalytics;
		};
		FF8DDCEF2AFBD66000338146 /* FirebaseAnalyticsWithoutAdIdSupport */ = {
			isa = XCSwiftPackageProductDependency;
			package = FF8DDCEC2AFBD66000338146 /* XCRemoteSwiftPackageReference "firebase-ios-sdk" */;
			productName = FirebaseAnalyticsWithoutAdIdSupport;
		};
		FF8DDCF62AFBDD7400338146 /* GoogleMobileAds */ = {
			isa = XCSwiftPackageProductDependency;
			package = FF8DDCF52AFBDD7400338146 /* XCRemoteSwiftPackageReference "swift-package-manager-google-mobile-ads" */;
			productName = GoogleMobileAds;
		};
/* End XCSwiftPackageProductDependency section */
	};
	rootObject = FF2C6D942AF80C4E00939447 /* Project object */;
}
